// !$*UTF8*$!
{
	archiveVersion = 1;
	classes = {
	};
	objectVersion = 50;
	objects = {

/* Begin PBXBuildFile section */
		1AE3A5B226B19261001E8C65 /* NumberGuessingApp.swift in Sources */ = {isa = PBXBuildFile; fileRef = 1AE3A5B126B19261001E8C65 /* NumberGuessingApp.swift */; };
		1AE3A5B426B19261001E8C65 /* ContentView.swift in Sources */ = {isa = PBXBuildFile; fileRef = 1AE3A5B326B19261001E8C65 /* ContentView.swift */; };
		1AE3A5B626B19263001E8C65 /* Assets.xcassets in Resources */ = {isa = PBXBuildFile; fileRef = 1AE3A5B526B19263001E8C65 /* Assets.xcassets */; };
		1AE3A5B926B19263001E8C65 /* Preview Assets.xcassets in Resources */ = {isa = PBXBuildFile; fileRef = 1AE3A5B826B19263001E8C65 /* Preview Assets.xcassets */; };
		1AE3A5C426B19263001E8C65 /* NumberGuessingTests.swift in Sources */ = {isa = PBXBuildFile; fileRef = 1AE3A5C326B19263001E8C65 /* NumberGuessingTests.swift */; };
		1AE3A5CF26B19263001E8C65 /* NumberGuessingUITests.swift in Sources */ = {isa = PBXBuildFile; fileRef = 1AE3A5CE26B19263001E8C65 /* NumberGuessingUITests.swift */; };
/* End PBXBuildFile section */

/* Begin PBXContainerItemProxy section */
		1AE3A5C026B19263001E8C65 /* PBXContainerItemProxy */ = {
			isa = PBXContainerItemProxy;
			containerPortal = 1AE3A5A626B19261001E8C65 /* Project object */;
			proxyType = 1;
			remoteGlobalIDString = 1AE3A5AD26B19261001E8C65;
			remoteInfo = NumberGuessing;
		};
		1AE3A5CB26B19263001E8C65 /* PBXContainerItemProxy */ = {
			isa = PBXContainerItemProxy;
			containerPortal = 1AE3A5A626B19261001E8C65 /* Project object */;
			proxyType = 1;
			remoteGlobalIDString = 1AE3A5AD26B19261001E8C65;
			remoteInfo = NumberGuessing;
		};
/* End PBXContainerItemProxy section */

/* Begin PBXFileReference section */
		1AE3A5AE26B19261001E8C65 /* NumberGuessing.app */ = {isa = PBXFileReference; explicitFileType = wrapper.application; includeInIndex = 0; path = NumberGuessing.app; sourceTree = BUILT_PRODUCTS_DIR; };
		1AE3A5B126B19261001E8C65 /* NumberGuessingApp.swift */ = {isa = PBXFileReference; lastKnownFileType = sourcecode.swift; path = NumberGuessingApp.swift; sourceTree = "<group>"; };
		1AE3A5B326B19261001E8C65 /* ContentView.swift */ = {isa = PBXFileReference; lastKnownFileType = sourcecode.swift; path = ContentView.swift; sourceTree = "<group>"; };
		1AE3A5B526B19263001E8C65 /* Assets.xcassets */ = {isa = PBXFileReference; lastKnownFileType = folder.assetcatalog; path = Assets.xcassets; sourceTree = "<group>"; };
		1AE3A5B826B19263001E8C65 /* Preview Assets.xcassets */ = {isa = PBXFileReference; lastKnownFileType = folder.assetcatalog; path = "Preview Assets.xcassets"; sourceTree = "<group>"; };
		1AE3A5BA26B19263001E8C65 /* Info.plist */ = {isa = PBXFileReference; lastKnownFileType = text.plist.xml; path = Info.plist; sourceTree = "<group>"; };
		1AE3A5BF26B19263001E8C65 /* NumberGuessingTests.xctest */ = {isa = PBXFileReference; explicitFileType = wrapper.cfbundle; includeInIndex = 0; path = NumberGuessingTests.xctest; sourceTree = BUILT_PRODUCTS_DIR; };
		1AE3A5C326B19263001E8C65 /* NumberGuessingTests.swift */ = {isa = PBXFileReference; lastKnownFileType = sourcecode.swift; path = NumberGuessingTests.swift; sourceTree = "<group>"; };
		1AE3A5C526B19263001E8C65 /* Info.plist */ = {isa = PBXFileReference; lastKnownFileType = text.plist.xml; path = Info.plist; sourceTree = "<group>"; };
		1AE3A5CA26B19263001E8C65 /* NumberGuessingUITests.xctest */ = {isa = PBXFileReference; explicitFileType = wrapper.cfbundle; includeInIndex = 0; path = NumberGuessingUITests.xctest; sourceTree = BUILT_PRODUCTS_DIR; };
		1AE3A5CE26B19263001E8C65 /* NumberGuessingUITests.swift */ = {isa = PBXFileReference; lastKnownFileType = sourcecode.swift; path = NumberGuessingUITests.swift; sourceTree = "<group>"; };
		1AE3A5D026B19263001E8C65 /* Info.plist */ = {isa = PBXFileReference; lastKnownFileType = text.plist.xml; path = Info.plist; sourceTree = "<group>"; };
/* End PBXFileReference section */

/* Begin PBXFrameworksBuildPhase section */
		1AE3A5AB26B19261001E8C65 /* Frameworks */ = {
			isa = PBXFrameworksBuildPhase;
			buildActionMask = 2147483647;
			files = (
			);
			runOnlyForDeploymentPostprocessing = 0;
		};
		1AE3A5BC26B19263001E8C65 /* Frameworks */ = {
			isa = PBXFrameworksBuildPhase;
			buildActionMask = 2147483647;
			files = (
			);
			runOnlyForDeploymentPostprocessing = 0;
		};
		1AE3A5C726B19263001E8C65 /* Frameworks */ = {
			isa = PBXFrameworksBuildPhase;
			buildActionMask = 2147483647;
			files = (
			);
			runOnlyForDeploymentPostprocessing = 0;
		};
/* End PBXFrameworksBuildPhase section */

/* Begin PBXGroup section */
		1AE3A5A526B19261001E8C65 = {
			isa = PBXGroup;
			children = (
				1AE3A5B026B19261001E8C65 /* NumberGuessing */,
				1AE3A5C226B19263001E8C65 /* NumberGuessingTests */,
				1AE3A5CD26B19263001E8C65 /* NumberGuessingUITests */,
				1AE3A5AF26B19261001E8C65 /* Products */,
			);
			sourceTree = "<group>";
		};
		1AE3A5AF26B19261001E8C65 /* Products */ = {
			isa = PBXGroup;
			children = (
				1AE3A5AE26B19261001E8C65 /* NumberGuessing.app */,
				1AE3A5BF26B19263001E8C65 /* NumberGuessingTests.xctest */,
				1AE3A5CA26B19263001E8C65 /* NumberGuessingUITests.xctest */,
			);
			name = Products;
			sourceTree = "<group>";
		};
		1AE3A5B026B19261001E8C65 /* NumberGuessing */ = {
			isa = PBXGroup;
			children = (
				1AE3A5B126B19261001E8C65 /* NumberGuessingApp.swift */,
				1AE3A5B326B19261001E8C65 /* ContentView.swift */,
				1AE3A5B526B19263001E8C65 /* Assets.xcassets */,
				1AE3A5BA26B19263001E8C65 /* Info.plist */,
				1AE3A5B726B19263001E8C65 /* Preview Content */,
			);
			path = NumberGuessing;
			sourceTree = "<group>";
		};
		1AE3A5B726B19263001E8C65 /* Preview Content */ = {
			isa = PBXGroup;
			children = (
				1AE3A5B826B19263001E8C65 /* Preview Assets.xcassets */,
			);
			path = "Preview Content";
			sourceTree = "<group>";
		};
		1AE3A5C226B19263001E8C65 /* NumberGuessingTests */ = {
			isa = PBXGroup;
			children = (
				1AE3A5C326B19263001E8C65 /* NumberGuessingTests.swift */,
				1AE3A5C526B19263001E8C65 /* Info.plist */,
			);
			path = NumberGuessingTests;
			sourceTree = "<group>";
		};
		1AE3A5CD26B19263001E8C65 /* NumberGuessingUITests */ = {
			isa = PBXGroup;
			children = (
				1AE3A5CE26B19263001E8C65 /* NumberGuessingUITests.swift */,
				1AE3A5D026B19263001E8C65 /* Info.plist */,
			);
			path = NumberGuessingUITests;
			sourceTree = "<group>";
		};
/* End PBXGroup section */

/* Begin PBXNativeTarget section */
		1AE3A5AD26B19261001E8C65 /* NumberGuessing */ = {
			isa = PBXNativeTarget;
			buildConfigurationList = 1AE3A5D326B19263001E8C65 /* Build configuration list for PBXNativeTarget "NumberGuessing" */;
			buildPhases = (
				1AE3A5AA26B19261001E8C65 /* Sources */,
				1AE3A5AB26B19261001E8C65 /* Frameworks */,
				1AE3A5AC26B19261001E8C65 /* Resources */,
			);
			buildRules = (
			);
			dependencies = (
			);
			name = NumberGuessing;
			productName = NumberGuessing;
			productReference = 1AE3A5AE26B19261001E8C65 /* NumberGuessing.app */;
			productType = "com.apple.product-type.application";
		};
		1AE3A5BE26B19263001E8C65 /* NumberGuessingTests */ = {
			isa = PBXNativeTarget;
			buildConfigurationList = 1AE3A5D626B19263001E8C65 /* Build configuration list for PBXNativeTarget "NumberGuessingTests" */;
			buildPhases = (
				1AE3A5BB26B19263001E8C65 /* Sources */,
				1AE3A5BC26B19263001E8C65 /* Frameworks */,
				1AE3A5BD26B19263001E8C65 /* Resources */,
			);
			buildRules = (
			);
			dependencies = (
				1AE3A5C126B19263001E8C65 /* PBXTargetDependency */,
			);
			name = NumberGuessingTests;
			productName = NumberGuessingTests;
			productReference = 1AE3A5BF26B19263001E8C65 /* NumberGuessingTests.xctest */;
			productType = "com.apple.product-type.bundle.unit-test";
		};
		1AE3A5C926B19263001E8C65 /* NumberGuessingUITests */ = {
			isa = PBXNativeTarget;
			buildConfigurationList = 1AE3A5D926B19263001E8C65 /* Build configuration list for PBXNativeTarget "NumberGuessingUITests" */;
			buildPhases = (
				1AE3A5C626B19263001E8C65 /* Sources */,
				1AE3A5C726B19263001E8C65 /* Frameworks */,
				1AE3A5C826B19263001E8C65 /* Resources */,
			);
			buildRules = (
			);
			dependencies = (
				1AE3A5CC26B19263001E8C65 /* PBXTargetDependency */,
			);
			name = NumberGuessingUITests;
			productName = NumberGuessingUITests;
			productReference = 1AE3A5CA26B19263001E8C65 /* NumberGuessingUITests.xctest */;
			productType = "com.apple.product-type.bundle.ui-testing";
		};
/* End PBXNativeTarget section */

/* Begin PBXProject section */
		1AE3A5A626B19261001E8C65 /* Project object */ = {
			isa = PBXProject;
			attributes = {
				LastSwiftUpdateCheck = 1240;
				LastUpgradeCheck = 1240;
				TargetAttributes = {
					1AE3A5AD26B19261001E8C65 = {
						CreatedOnToolsVersion = 12.4;
					};
					1AE3A5BE26B19263001E8C65 = {
						CreatedOnToolsVersion = 12.4;
						TestTargetID = 1AE3A5AD26B19261001E8C65;
					};
					1AE3A5C926B19263001E8C65 = {
						CreatedOnToolsVersion = 12.4;
						TestTargetID = 1AE3A5AD26B19261001E8C65;
					};
				};
			};
			buildConfigurationList = 1AE3A5A926B19261001E8C65 /* Build configuration list for PBXProject "NumberGuessing" */;
			compatibilityVersion = "Xcode 9.3";
			developmentRegion = en;
			hasScannedForEncodings = 0;
			knownRegions = (
				en,
				Base,
			);
			mainGroup = 1AE3A5A526B19261001E8C65;
			productRefGroup = 1AE3A5AF26B19261001E8C65 /* Products */;
			projectDirPath = "";
			projectRoot = "";
			targets = (
				1AE3A5AD26B19261001E8C65 /* NumberGuessing */,
				1AE3A5BE26B19263001E8C65 /* NumberGuessingTests */,
				1AE3A5C926B19263001E8C65 /* NumberGuessingUITests */,
			);
		};
/* End PBXProject section */

/* Begin PBXResourcesBuildPhase section */
		1AE3A5AC26B19261001E8C65 /* Resources */ = {
			isa = PBXResourcesBuildPhase;
			buildActionMask = 2147483647;
			files = (
				1AE3A5B926B19263001E8C65 /* Preview Assets.xcassets in Resources */,
				1AE3A5B626B19263001E8C65 /* Assets.xcassets in Resources */,
			);
			runOnlyForDeploymentPostprocessing = 0;
		};
		1AE3A5BD26B19263001E8C65 /* Resources */ = {
			isa = PBXResourcesBuildPhase;
			buildActionMask = 2147483647;
			files = (
			);
			runOnlyForDeploymentPostprocessing = 0;
		};
		1AE3A5C826B19263001E8C65 /* Resources */ = {
			isa = PBXResourcesBuildPhase;
			buildActionMask = 2147483647;
			files = (
			);
			runOnlyForDeploymentPostprocessing = 0;
		};
/* End PBXResourcesBuildPhase section */

/* Begin PBXSourcesBuildPhase section */
		1AE3A5AA26B19261001E8C65 /* Sources */ = {
			isa = PBXSourcesBuildPhase;
			buildActionMask = 2147483647;
			files = (
				1AE3A5B426B19261001E8C65 /* ContentView.swift in Sources */,
				1AE3A5B226B19261001E8C65 /* NumberGuessingApp.swift in Sources */,
			);
			runOnlyForDeploymentPostprocessing = 0;
		};
		1AE3A5BB26B19263001E8C65 /* Sources */ = {
			isa = PBXSourcesBuildPhase;
			buildActionMask = 2147483647;
			files = (
				1AE3A5C426B19263001E8C65 /* NumberGuessingTests.swift in Sources */,
			);
			runOnlyForDeploymentPostprocessing = 0;
		};
		1AE3A5C626B19263001E8C65 /* Sources */ = {
			isa = PBXSourcesBuildPhase;
			buildActionMask = 2147483647;
			files = (
				1AE3A5CF26B19263001E8C65 /* NumberGuessingUITests.swift in Sources */,
			);
			runOnlyForDeploymentPostprocessing = 0;
		};
/* End PBXSourcesBuildPhase section */

/* Begin PBXTargetDependency section */
		1AE3A5C126B19263001E8C65 /* PBXTargetDependency */ = {
			isa = PBXTargetDependency;
			target = 1AE3A5AD26B19261001E8C65 /* NumberGuessing */;
			targetProxy = 1AE3A5C026B19263001E8C65 /* PBXContainerItemProxy */;
		};
		1AE3A5CC26B19263001E8C65 /* PBXTargetDependency */ = {
			isa = PBXTargetDependency;
			target = 1AE3A5AD26B19261001E8C65 /* NumberGuessing */;
			targetProxy = 1AE3A5CB26B19263001E8C65 /* PBXContainerItemProxy */;
		};
/* End PBXTargetDependency section */

/* Begin XCBuildConfiguration section */
		1AE3A5D126B19263001E8C65 /* Debug */ = {
			isa = XCBuildConfiguration;
			buildSettings = {
				ALWAYS_SEARCH_USER_PATHS = NO;
				CLANG_ANALYZER_NONNULL = YES;
				CLANG_ANALYZER_NUMBER_OBJECT_CONVERSION = YES_AGGRESSIVE;
				CLANG_CXX_LANGUAGE_STANDARD = "gnu++14";
				CLANG_CXX_LIBRARY = "libc++";
				CLANG_ENABLE_MODULES = YES;
				CLANG_ENABLE_OBJC_ARC = YES;
				CLANG_ENABLE_OBJC_WEAK = YES;
				CLANG_WARN_BLOCK_CAPTURE_AUTORELEASING = YES;
				CLANG_WARN_BOOL_CONVERSION = YES;
				CLANG_WARN_COMMA = YES;
				CLANG_WARN_CONSTANT_CONVERSION = YES;
				CLANG_WARN_DEPRECATED_OBJC_IMPLEMENTATIONS = YES;
				CLANG_WARN_DIRECT_OBJC_ISA_USAGE = YES_ERROR;
				CLANG_WARN_DOCUMENTATION_COMMENTS = YES;
				CLANG_WARN_EMPTY_BODY = YES;
				CLANG_WARN_ENUM_CONVERSION = YES;
				CLANG_WARN_INFINITE_RECURSION = YES;
				CLANG_WARN_INT_CONVERSION = YES;
				CLANG_WARN_NON_LITERAL_NULL_CONVERSION = YES;
				CLANG_WARN_OBJC_IMPLICIT_RETAIN_SELF = YES;
				CLANG_WARN_OBJC_LITERAL_CONVERSION = YES;
				CLANG_WARN_OBJC_ROOT_CLASS = YES_ERROR;
				CLANG_WARN_QUOTED_INCLUDE_IN_FRAMEWORK_HEADER = YES;
				CLANG_WARN_RANGE_LOOP_ANALYSIS = YES;
				CLANG_WARN_STRICT_PROTOTYPES = YES;
				CLANG_WARN_SUSPICIOUS_MOVE = YES;
				CLANG_WARN_UNGUARDED_AVAILABILITY = YES_AGGRESSIVE;
				CLANG_WARN_UNREACHABLE_CODE = YES;
				CLANG_WARN__DUPLICATE_METHOD_MATCH = YES;
				COPY_PHASE_STRIP = NO;
				DEBUG_INFORMATION_FORMAT = dwarf;
				ENABLE_STRICT_OBJC_MSGSEND = YES;
				ENABLE_TESTABILITY = YES;
				GCC_C_LANGUAGE_STANDARD = gnu11;
				GCC_DYNAMIC_NO_PIC = NO;
				GCC_NO_COMMON_BLOCKS = YES;
				GCC_OPTIMIZATION_LEVEL = 0;
				GCC_PREPROCESSOR_DEFINITIONS = (
					"DEBUG=1",
					"$(inherited)",
				);
				GCC_WARN_64_TO_32_BIT_CONVERSION = YES;
				GCC_WARN_ABOUT_RETURN_TYPE = YES_ERROR;
				GCC_WARN_UNDECLARED_SELECTOR = YES;
				GCC_WARN_UNINITIALIZED_AUTOS = YES_AGGRESSIVE;
				GCC_WARN_UNUSED_FUNCTION = YES;
				GCC_WARN_UNUSED_VARIABLE = YES;
				IPHONEOS_DEPLOYMENT_TARGET = 14.4;
				MTL_ENABLE_DEBUG_INFO = INCLUDE_SOURCE;
				MTL_FAST_MATH = YES;
				ONLY_ACTIVE_ARCH = YES;
				SDKROOT = iphoneos;
				SWIFT_ACTIVE_COMPILATION_CONDITIONS = DEBUG;
				SWIFT_OPTIMIZATION_LEVEL = "-Onone";
			};
			name = Debug;
		};
		1AE3A5D226B19263001E8C65 /* Release */ = {
			isa = XCBuildConfiguration;
			buildSettings = {
				ALWAYS_SEARCH_USER_PATHS = NO;
				CLANG_ANALYZER_NONNULL = YES;
				CLANG_ANALYZER_NUMBER_OBJECT_CONVERSION = YES_AGGRESSIVE;
				CLANG_CXX_LANGUAGE_STANDARD = "gnu++14";
				CLANG_CXX_LIBRARY = "libc++";
				CLANG_ENABLE_MODULES = YES;
				CLANG_ENABLE_OBJC_ARC = YES;
				CLANG_ENABLE_OBJC_WEAK = YES;
				CLANG_WARN_BLOCK_CAPTURE_AUTORELEASING = YES;
				CLANG_WARN_BOOL_CONVERSION = YES;
				CLANG_WARN_COMMA = YES;
				CLANG_WARN_CONSTANT_CONVERSION = YES;
				CLANG_WARN_DEPRECATED_OBJC_IMPLEMENTATIONS = YES;
				CLANG_WARN_DIRECT_OBJC_ISA_USAGE = YES_ERROR;
				CLANG_WARN_DOCUMENTATION_COMMENTS = YES;
				CLANG_WARN_EMPTY_BODY = YES;
				CLANG_WARN_ENUM_CONVERSION = YES;
				CLANG_WARN_INFINITE_RECURSION = YES;
				CLANG_WARN_INT_CONVERSION = YES;
				CLANG_WARN_NON_LITERAL_NULL_CONVERSION = YES;
				CLANG_WARN_OBJC_IMPLICIT_RETAIN_SELF = YES;
				CLANG_WARN_OBJC_LITERAL_CONVERSION = YES;
				CLANG_WARN_OBJC_ROOT_CLASS = YES_ERROR;
				CLANG_WARN_QUOTED_INCLUDE_IN_FRAMEWORK_HEADER = YES;
				CLANG_WARN_RANGE_LOOP_ANALYSIS = YES;
				CLANG_WARN_STRICT_PROTOTYPES = YES;
				CLANG_WARN_SUSPICIOUS_MOVE = YES;
				CLANG_WARN_UNGUARDED_AVAILABILITY = YES_AGGRESSIVE;
				CLANG_WARN_UNREACHABLE_CODE = YES;
				CLANG_WARN__DUPLICATE_METHOD_MATCH = YES;
				COPY_PHASE_STRIP = NO;
				DEBUG_INFORMATION_FORMAT = "dwarf-with-dsym";
				ENABLE_NS_ASSERTIONS = NO;
				ENABLE_STRICT_OBJC_MSGSEND = YES;
				GCC_C_LANGUAGE_STANDARD = gnu11;
				GCC_NO_COMMON_BLOCKS = YES;
				GCC_WARN_64_TO_32_BIT_CONVERSION = YES;
				GCC_WARN_ABOUT_RETURN_TYPE = YES_ERROR;
				GCC_WARN_UNDECLARED_SELECTOR = YES;
				GCC_WARN_UNINITIALIZED_AUTOS = YES_AGGRESSIVE;
				GCC_WARN_UNUSED_FUNCTION = YES;
				GCC_WARN_UNUSED_VARIABLE = YES;
				IPHONEOS_DEPLOYMENT_TARGET = 14.4;
				MTL_ENABLE_DEBUG_INFO = NO;
				MTL_FAST_MATH = YES;
				SDKROOT = iphoneos;
				SWIFT_COMPILATION_MODE = wholemodule;
				SWIFT_OPTIMIZATION_LEVEL = "-O";
				VALIDATE_PRODUCT = YES;
			};
			name = Release;
		};
		1AE3A5D426B19263001E8C65 /* Debug */ = {
			isa = XCBuildConfiguration;
			buildSettings = {
				ASSETCATALOG_COMPILER_APPICON_NAME = AppIcon;
				ASSETCATALOG_COMPILER_GLOBAL_ACCENT_COLOR_NAME = AccentColor;
				CODE_SIGN_STYLE = Automatic;
				DEVELOPMENT_ASSET_PATHS = "\"NumberGuessing/Preview Content\"";
				ENABLE_PREVIEWS = YES;
				INFOPLIST_FILE = NumberGuessing/Info.plist;
				IPHONEOS_DEPLOYMENT_TARGET = 14.0;
				LD_RUNPATH_SEARCH_PATHS = (
					"$(inherited)",
					"@executable_path/Frameworks",
				);
				PRODUCT_BUNDLE_IDENTIFIER = "Tim-Randall.NumberGuessing";
				PRODUCT_NAME = "$(TARGET_NAME)";
				SWIFT_VERSION = 5.0;
				TARGETED_DEVICE_FAMILY = "1,2";
			};
			name = Debug;
		};
		1AE3A5D526B19263001E8C65 /* Release */ = {
			isa = XCBuildConfiguration;
			buildSettings = {
				ASSETCATALOG_COMPILER_APPICON_NAME = AppIcon;
				ASSETCATALOG_COMPILER_GLOBAL_ACCENT_COLOR_NAME = AccentColor;
				CODE_SIGN_STYLE = Automatic;
				DEVELOPMENT_ASSET_PATHS = "\"NumberGuessing/Preview Content\"";
				ENABLE_PREVIEWS = YES;
				INFOPLIST_FILE = NumberGuessing/Info.plist;
				IPHONEOS_DEPLOYMENT_TARGET = 14.0;
				LD_RUNPATH_SEARCH_PATHS = (
					"$(inherited)",
					"@executable_path/Frameworks",
				);
				PRODUCT_BUNDLE_IDENTIFIER = "Tim-Randall.NumberGuessing";
				PRODUCT_NAME = "$(TARGET_NAME)";
				SWIFT_VERSION = 5.0;
				TARGETED_DEVICE_FAMILY = "1,2";
			};
			name = Release;
		};
		1AE3A5D726B19263001E8C65 /* Debug */ = {
			isa = XCBuildConfiguration;
			buildSettings = {
				ALWAYS_EMBED_SWIFT_STANDARD_LIBRARIES = YES;
				BUNDLE_LOADER = "$(TEST_HOST)";
				CODE_SIGN_STYLE = Automatic;
				INFOPLIST_FILE = NumberGuessingTests/Info.plist;
				IPHONEOS_DEPLOYMENT_TARGET = 14.0;
				LD_RUNPATH_SEARCH_PATHS = (
					"$(inherited)",
					"@executable_path/Frameworks",
					"@loader_path/Frameworks",
				);
				PRODUCT_BUNDLE_IDENTIFIER = "Tim-Randall.NumberGuessingTests";
				PRODUCT_NAME = "$(TARGET_NAME)";
				SWIFT_VERSION = 5.0;
				TARGETED_DEVICE_FAMILY = "1,2";
				TEST_HOST = "$(BUILT_PRODUCTS_DIR)/NumberGuessing.app/NumberGuessing";
			};
			name = Debug;
		};
		1AE3A5D826B19263001E8C65 /* Release */ = {
			isa = XCBuildConfiguration;
			buildSettings = {
				ALWAYS_EMBED_SWIFT_STANDARD_LIBRARIES = YES;
				BUNDLE_LOADER = "$(TEST_HOST)";
				CODE_SIGN_STYLE = Automatic;
				INFOPLIST_FILE = NumberGuessingTests/Info.plist;
				IPHONEOS_DEPLOYMENT_TARGET = 14.0;
				LD_RUNPATH_SEARCH_PATHS = (
					"$(inherited)",
					"@executable_path/Frameworks",
					"@loader_path/Frameworks",
				);
				PRODUCT_BUNDLE_IDENTIFIER = "Tim-Randall.NumberGuessingTests";
				PRODUCT_NAME = "$(TARGET_NAME)";
				SWIFT_VERSION = 5.0;
				TARGETED_DEVICE_FAMILY = "1,2";
				TEST_HOST = "$(BUILT_PRODUCTS_DIR)/NumberGuessing.app/NumberGuessing";
			};
			name = Release;
		};
		1AE3A5DA26B19263001E8C65 /* Debug */ = {
			isa = XCBuildConfiguration;
			buildSettings = {
				ALWAYS_EMBED_SWIFT_STANDARD_LIBRARIES = YES;
				CODE_SIGN_STYLE = Automatic;
				INFOPLIST_FILE = NumberGuessingUITests/Info.plist;
				LD_RUNPATH_SEARCH_PATHS = (
					"$(inherited)",
					"@executable_path/Frameworks",
					"@loader_path/Frameworks",
				);
				PRODUCT_BUNDLE_IDENTIFIER = "Tim-Randall.NumberGuessingUITests";
				PRODUCT_NAME = "$(TARGET_NAME)";
				SWIFT_VERSION = 5.0;
				TARGETED_DEVICE_FAMILY = "1,2";
				TEST_TARGET_NAME = NumberGuessing;
			};
			name = Debug;
		};
		1AE3A5DB26B19263001E8C65 /* Release */ = {
			isa = XCBuildConfiguration;
			buildSettings = {
				ALWAYS_EMBED_SWIFT_STANDARD_LIBRARIES = YES;
				CODE_SIGN_STYLE = Automatic;
				INFOPLIST_FILE = NumberGuessingUITests/Info.plist;
				LD_RUNPATH_SEARCH_PATHS = (
					"$(inherited)",
					"@executable_path/Frameworks",
					"@loader_path/Frameworks",
				);
				PRODUCT_BUNDLE_IDENTIFIER = "Tim-Randall.NumberGuessingUITests";
				PRODUCT_NAME = "$(TARGET_NAME)";
				SWIFT_VERSION = 5.0;
				TARGETED_DEVICE_FAMILY = "1,2";
				TEST_TARGET_NAME = NumberGuessing;
			};
			name = Release;
		};
/* End XCBuildConfiguration section */

/* Begin XCConfigurationList section */
		1AE3A5A926B19261001E8C65 /* Build configuration list for PBXProject "NumberGuessing" */ = {
			isa = XCConfigurationList;
			buildConfigurations = (
				1AE3A5D126B19263001E8C65 /* Debug */,
				1AE3A5D226B19263001E8C65 /* Release */,
			);
			defaultConfigurationIsVisible = 0;
			defaultConfigurationName = Release;
		};
		1AE3A5D326B19263001E8C65 /* Build configuration list for PBXNativeTarget "NumberGuessing" */ = {
			isa = XCConfigurationList;
			buildConfigurations = (
				1AE3A5D426B19263001E8C65 /* Debug */,
				1AE3A5D526B19263001E8C65 /* Release */,
			);
			defaultConfigurationIsVisible = 0;
			defaultConfigurationName = Release;
		};
		1AE3A5D626B19263001E8C65 /* Build configuration list for PBXNativeTarget "NumberGuessingTests" */ = {
			isa = XCConfigurationList;
			buildConfigurations = (
				1AE3A5D726B19263001E8C65 /* Debug */,
				1AE3A5D826B19263001E8C65 /* Release */,
			);
			defaultConfigurationIsVisible = 0;
			defaultConfigurationName = Release;
		};
		1AE3A5D926B19263001E8C65 /* Build configuration list for PBXNativeTarget "NumberGuessingUITests" */ = {
			isa = XCConfigurationList;
			buildConfigurations = (
				1AE3A5DA26B19263001E8C65 /* Debug */,
				1AE3A5DB26B19263001E8C65 /* Release */,
			);
			defaultConfigurationIsVisible = 0;
			defaultConfigurationName = Release;
		};
/* End XCConfigurationList section */
	};
	rootObject = 1AE3A5A626B19261001E8C65 /* Project object */;
}
